
Microsoft Visual Studio Solution File, Format Version 12.00
# Visual Studio Express 2012 for Windows Desktop
Project("{FAE04EC0-301F-11D3-BF4B-00C04F79EFBC}") = "AeroGUI", "AeroGUI.csproj", "{7D6DB645-6555-40E1-8AD7-F1FE30A460ED}"
EndProject
Global
	GlobalSection(SolutionConfigurationPlatforms) = preSolution
		Debug|Any CPU = Debug|Any CPU
		Release|Any CPU = Release|Any CPU
	EndGlobalSection
	GlobalSection(ProjectConfigurationPlatforms) = postSolution
		{7D6DB645-6555-40E1-8AD7-F1FE30A460ED}.Debug|Any CPU.ActiveCfg = Debug|Any CPU
		{7D6DB645-6555-40E1-8AD7-F1FE30A460ED}.Debug|Any CPU.Build.0 = Debug|Any CPU
		{7D6DB645-6555-40E1-8AD7-F1FE30A460ED}.Release|Any CPU.ActiveCfg = Release|Any CPU
		{7D6DB645-6555-40E1-8AD7-F1FE30A460ED}.Release|Any CPU.Build.0 = Release|Any CPU
	EndGlobalSection
	GlobalSection(SolutionProperties) = preSolution
		HideSolutionNode = FALSE
	EndGlobalSection
EndGlobal
